
Microsoft Visual Studio Solution File, Format Version 12.00
# Visual Studio Version 17
VisualStudioVersion = 17.0.32014.148
MinimumVisualStudioVersion = 10.0.40219.1
Project("{FAE04EC0-301F-11D3-BF4B-00C04F79EFBC}") = "WebApiWikiClase", "WebApiWikiClase\WebApiWikiClase.csproj", "{794FFA66-E3DC-4457-A0A1-00EA7E415730}"
EndProject
Global
	GlobalSection(SolutionConfigurationPlatforms) = preSolution
		Debug|Any CPU = Debug|Any CPU
		Release|Any CPU = Release|Any CPU
	EndGlobalSection
	GlobalSection(ProjectConfigurationPlatforms) = postSolution
		{794FFA66-E3DC-4457-A0A1-00EA7E415730}.Debug|Any CPU.ActiveCfg = Debug|Any CPU
		{794FFA66-E3DC-4457-A0A1-00EA7E415730}.Debug|Any CPU.Build.0 = Debug|Any CPU
		{794FFA66-E3DC-4457-A0A1-00EA7E415730}.Release|Any CPU.ActiveCfg = Release|Any CPU
		{794FFA66-E3DC-4457-A0A1-00EA7E415730}.Release|Any CPU.Build.0 = Release|Any CPU
	EndGlobalSection
	GlobalSection(SolutionProperties) = preSolution
		HideSolutionNode = FALSE
	EndGlobalSection
	GlobalSection(ExtensibilityGlobals) = postSolution
		SolutionGuid = {717F98D7-0A7C-4835-964F-B33FCF6B8B25}
	EndGlobalSection
EndGlobal
